
Microsoft Visual Studio Solution File, Format Version 12.00
# Visual Studio Version 17
VisualStudioVersion = 17.0.31903.59
MinimumVisualStudioVersion = 10.0.40219.1
Project("{2150E333-8FDC-42A3-9474-1A3956D46DE8}") = "src", "src", "{386DC38C-64AD-476C-8C42-D0EABA98CC18}"
EndProject
Project("{FAE04EC0-301F-11D3-BF4B-00C04F79EFBC}") = "ProjetoApiBrito.Api", "src\ProjetoApiBrito.Api\ProjetoApiBrito.Api.csproj", "{92EEDE76-B334-4570-B930-8A987F4EFF61}"
EndProject
Project("{2150E333-8FDC-42A3-9474-1A3956D46DE8}") = "test", "test", "{53B5A826-1D4C-46F4-9B7E-C30023E89C37}"
EndProject
Project("{FAE04EC0-301F-11D3-BF4B-00C04F79EFBC}") = "ProjetoAPIBrito.Test", "test\ProjetoAPIBrito.Test\ProjetoAPIBrito.Test.csproj", "{421FCDFA-7BC5-4419-A765-61AB3F0B931F}"
EndProject
Global
	GlobalSection(SolutionConfigurationPlatforms) = preSolution
		Debug|Any CPU = Debug|Any CPU
		Release|Any CPU = Release|Any CPU
	EndGlobalSection
	GlobalSection(SolutionProperties) = preSolution
		HideSolutionNode = FALSE
	EndGlobalSection
	GlobalSection(ProjectConfigurationPlatforms) = postSolution
		{92EEDE76-B334-4570-B930-8A987F4EFF61}.Debug|Any CPU.ActiveCfg = Debug|Any CPU
		{92EEDE76-B334-4570-B930-8A987F4EFF61}.Debug|Any CPU.Build.0 = Debug|Any CPU
		{92EEDE76-B334-4570-B930-8A987F4EFF61}.Release|Any CPU.ActiveCfg = Release|Any CPU
		{92EEDE76-B334-4570-B930-8A987F4EFF61}.Release|Any CPU.Build.0 = Release|Any CPU
		{421FCDFA-7BC5-4419-A765-61AB3F0B931F}.Debug|Any CPU.ActiveCfg = Debug|Any CPU
		{421FCDFA-7BC5-4419-A765-61AB3F0B931F}.Debug|Any CPU.Build.0 = Debug|Any CPU
		{421FCDFA-7BC5-4419-A765-61AB3F0B931F}.Release|Any CPU.ActiveCfg = Release|Any CPU
		{421FCDFA-7BC5-4419-A765-61AB3F0B931F}.Release|Any CPU.Build.0 = Release|Any CPU
	EndGlobalSection
	GlobalSection(NestedProjects) = preSolution
		{92EEDE76-B334-4570-B930-8A987F4EFF61} = {386DC38C-64AD-476C-8C42-D0EABA98CC18}
		{421FCDFA-7BC5-4419-A765-61AB3F0B931F} = {53B5A826-1D4C-46F4-9B7E-C30023E89C37}
	EndGlobalSection
EndGlobal
